// !$*UTF8*$!
{
	archiveVersion = 1;
	classes = {
	};
	objectVersion = 46;
	objects = {

/* Begin PBXBuildFile section */
		FB3121061E3AC97200F591F2 /* AppDelegate.swift in Sources */ = {isa = PBXBuildFile; fileRef = FB3121051E3AC97200F591F2 /* AppDelegate.swift */; };
		FB3121081E3AC97200F591F2 /* ViewController.swift in Sources */ = {isa = PBXBuildFile; fileRef = FB3121071E3AC97200F591F2 /* ViewController.swift */; };
		FB31210B1E3AC97200F591F2 /* Main.storyboard in Resources */ = {isa = PBXBuildFile; fileRef = FB3121091E3AC97200F591F2 /* Main.storyboard */; };
		FB31210D1E3AC97200F591F2 /* Assets.xcassets in Resources */ = {isa = PBXBuildFile; fileRef = FB31210C1E3AC97200F591F2 /* Assets.xcassets */; };
		FB3121101E3AC97200F591F2 /* LaunchScreen.storyboard in Resources */ = {isa = PBXBuildFile; fileRef = FB31210E1E3AC97200F591F2 /* LaunchScreen.storyboard */; };
/* End PBXBuildFile section */

/* Begin PBXFileReference section */
		FB3121021E3AC97200F591F2 /* Vistas en IOS.app */ = {isa = PBXFileReference; explicitFileType = wrapper.application; includeInIndex = 0; path = "Vistas en IOS.app"; sourceTree = BUILT_PRODUCTS_DIR; };
		FB3121051E3AC97200F591F2 /* AppDelegate.swift */ = {isa = PBXFileReference; lastKnownFileType = sourcecode.swift; path = AppDelegate.swift; sourceTree = "<group>"; };
		FB3121071E3AC97200F591F2 /* ViewController.swift */ = {isa = PBXFileReference; lastKnownFileType = sourcecode.swift; path = ViewController.swift; sourceTree = "<group>"; };
		FB31210A1E3AC97200F591F2 /* Base */ = {isa = PBXFileReference; lastKnownFileType = file.storyboard; name = Base; path = Base.lproj/Main.storyboard; sourceTree = "<group>"; };
		FB31210C1E3AC97200F591F2 /* Assets.xcassets */ = {isa = PBXFileReference; lastKnownFileType = folder.assetcatalog; path = Assets.xcassets; sourceTree = "<group>"; };
		FB31210F1E3AC97200F591F2 /* Base */ = {isa = PBXFileReference; lastKnownFileType = file.storyboard; name = Base; path = Base.lproj/LaunchScreen.storyboard; sourceTree = "<group>"; };
		FB3121111E3AC97200F591F2 /* Info.plist */ = {isa = PBXFileReference; lastKnownFileType = text.plist.xml; path = Info.plist; sourceTree = "<group>"; };
/* End PBXFileReference section */

/* Begin PBXFrameworksBuildPhase section */
		FB3120FF1E3AC97200F591F2 /* Frameworks */ = {
			isa = PBXFrameworksBuildPhase;
			buildActionMask = 2147483647;
			files = (
			);
			runOnlyForDeploymentPostprocessing = 0;
		};
/* End PBXFrameworksBuildPhase section */

/* Begin PBXGroup section */
		FB3120F91E3AC97200F591F2 = {
			isa = PBXGroup;
			children = (
				FB3121041E3AC97200F591F2 /* Vistas en IOS */,
				FB3121031E3AC97200F591F2 /* Products */,
			);
			sourceTree = "<group>";
		};
		FB3121031E3AC97200F591F2 /* Products */ = {
			isa = PBXGroup;
			children = (
				FB3121021E3AC97200F591F2 /* Vistas en IOS.app */,
			);
			name = Products;
			sourceTree = "<group>";
		};
		FB3121041E3AC97200F591F2 /* Vistas en IOS */ = {
			isa = PBXGroup;
			children = (
				FB3121051E3AC97200F591F2 /* AppDelegate.swift */,
				FB3121071E3AC97200F591F2 /* ViewController.swift */,
				FB3121091E3AC97200F591F2 /* Main.storyboard */,
				FB31210C1E3AC97200F591F2 /* Assets.xcassets */,
				FB31210E1E3AC97200F591F2 /* LaunchScreen.storyboard */,
				FB3121111E3AC97200F591F2 /* Info.plist */,
			);
			path = "Vistas en IOS";
			sourceTree = "<group>";
		};
/* End PBXGroup section */

/* Begin PBXNativeTarget section */
		FB3121011E3AC97200F591F2 /* Vistas en IOS */ = {
			isa = PBXNativeTarget;
			buildConfigurationList = FB3121141E3AC97200F591F2 /* Build configuration list for PBXNativeTarget "Vistas en IOS" */;
			buildPhases = (
				FB3120FE1E3AC97200F591F2 /* Sources */,
				FB3120FF1E3AC97200F591F2 /* Frameworks */,
				FB3121001E3AC97200F591F2 /* Resources */,
			);
			buildRules = (
			);
			dependencies = (
			);
			name = "Vistas en IOS";
			productName = "Vistas en IOS";
			productReference = FB3121021E3AC97200F591F2 /* Vistas en IOS.app */;
			productType = "com.apple.product-type.application";
		};
/* End PBXNativeTarget section */

/* Begin PBXProject section */
		FB3120FA1E3AC97200F591F2 /* Project object */ = {
			isa = PBXProject;
			attributes = {
				LastSwiftUpdateCheck = 0800;
				LastUpgradeCheck = 0800;
				ORGANIZATIONNAME = alumno;
				TargetAttributes = {
					FB3121011E3AC97200F591F2 = {
						CreatedOnToolsVersion = 8.0;
						ProvisioningStyle = Automatic;
					};
				};
			};
			buildConfigurationList = FB3120FD1E3AC97200F591F2 /* Build configuration list for PBXProject "Vistas en IOS" */;
			compatibilityVersion = "Xcode 3.2";
			developmentRegion = English;
			hasScannedForEncodings = 0;
			knownRegions = (
				en,
				Base,
			);
			mainGroup = FB3120F91E3AC97200F591F2;
			productRefGroup = FB3121031E3AC97200F591F2 /* Products */;
			projectDirPath = "";
			projectRoot = "";
			targets = (
				FB3121011E3AC97200F591F2 /* Vistas en IOS */,
			);
		};
/* End PBXProject section */

/* Begin PBXResourcesBuildPhase section */
		FB3121001E3AC97200F591F2 /* Resources */ = {
			isa = PBXResourcesBuildPhase;
			buildActionMask = 2147483647;
			files = (
				FB3121101E3AC97200F591F2 /* LaunchScreen.storyboard in Resources */,
				FB31210D1E3AC97200F591F2 /* Assets.xcassets in Resources */,
				FB31210B1E3AC97200F591F2 /* Main.storyboard in Resources */,
			);
			runOnlyForDeploymentPostprocessing = 0;
		};
/* End PBXResourcesBuildPhase section */

/* Begin PBXSourcesBuildPhase section */
		FB3120FE1E3AC97200F591F2 /* Sources */ = {
			isa = PBXSourcesBuildPhase;
			buildActionMask = 2147483647;
			files = (
				FB3121081E3AC97200F591F2 /* ViewController.swift in Sources */,
				FB3121061E3AC97200F591F2 /* AppDelegate.swift in Sources */,
			);
			runOnlyForDeploymentPostprocessing = 0;
		};
/* End PBXSourcesBuildPhase section */

/* Begin PBXVariantGroup section */
		FB3121091E3AC97200F591F2 /* Main.storyboard */ = {
			isa = PBXVariantGroup;
			children = (
				FB31210A1E3AC97200F591F2 /* Base */,
			);
			name = Main.storyboard;
			sourceTree = "<group>";
		};
		FB31210E1E3AC97200F591F2 /* LaunchScreen.storyboard */ = {
			isa = PBXVariantGroup;
			children = (
				FB31210F1E3AC97200F591F2 /* Base */,
			);
			name = LaunchScreen.storyboard;
			sourceTree = "<group>";
		};
/* End PBXVariantGroup section */

/* Begin XCBuildConfiguration section */
		FB3121121E3AC97200F591F2 /* Debug */ = {
			isa = XCBuildConfiguration;
			buildSettings = {
				ALWAYS_SEARCH_USER_PATHS = NO;
				CLANG_ANALYZER_NONNULL = YES;
				CLANG_CXX_LANGUAGE_STANDARD = "gnu++0x";
				CLANG_CXX_LIBRARY = "libc++";
				CLANG_ENABLE_MODULES = YES;
				CLANG_ENABLE_OBJC_ARC = YES;
				CLANG_WARN_BOOL_CONVERSION = YES;
				CLANG_WARN_CONSTANT_CONVERSION = YES;
				CLANG_WARN_DIRECT_OBJC_ISA_USAGE = YES_ERROR;
				CLANG_WARN_DOCUMENTATION_COMMENTS = YES;
				CLANG_WARN_EMPTY_BODY = YES;
				CLANG_WARN_ENUM_CONVERSION = YES;
				CLANG_WARN_INFINITE_RECURSION = YES;
				CLANG_WARN_INT_CONVERSION = YES;
				CLANG_WARN_OBJC_ROOT_CLASS = YES_ERROR;
				CLANG_WARN_SUSPICIOUS_MOVES = YES;
				CLANG_WARN_UNREACHABLE_CODE = YES;
				CLANG_WARN__DUPLICATE_METHOD_MATCH = YES;
				"CODE_SIGN_IDENTITY[sdk=iphoneos*]" = "iPhone Developer";
				COPY_PHASE_STRIP = NO;
				DEBUG_INFORMATION_FORMAT = dwarf;
				ENABLE_STRICT_OBJC_MSGSEND = YES;
				ENABLE_TESTABILITY = YES;
				GCC_C_LANGUAGE_STANDARD = gnu99;
				GCC_DYNAMIC_NO_PIC = NO;
				GCC_NO_COMMON_BLOCKS = YES;
				GCC_OPTIMIZATION_LEVEL = 0;
				GCC_PREPROCESSOR_DEFINITIONS = (
					"DEBUG=1",
					"$(inherited)",
				);
				GCC_WARN_64_TO_32_BIT_CONVERSION = YES;
				GCC_WARN_ABOUT_RETURN_TYPE = YES_ERROR;
				GCC_WARN_UNDECLARED_SELECTOR = YES;
				GCC_WARN_UNINITIALIZED_AUTOS = YES_AGGRESSIVE;
				GCC_WARN_UNUSED_FUNCTION = YES;
				GCC_WARN_UNUSED_VARIABLE = YES;
				IPHONEOS_DEPLOYMENT_TARGET = 10.0;
				MTL_ENABLE_DEBUG_INFO = YES;
				ONLY_ACTIVE_ARCH = YES;
				SDKROOT = iphoneos;
				SWIFT_ACTIVE_COMPILATION_CONDITIONS = DEBUG;
				SWIFT_OPTIMIZATION_LEVEL = "-Onone";
			};
			name = Debug;
		};
		FB3121131E3AC97200F591F2 /* Release */ = {
			isa = XCBuildConfiguration;
			buildSettings = {
				ALWAYS_SEARCH_USER_PATHS = NO;
				CLANG_ANALYZER_NONNULL = YES;
				CLANG_CXX_LANGUAGE_STANDARD = "gnu++0x";
				CLANG_CXX_LIBRARY = "libc++";
				CLANG_ENABLE_MODULES = YES;
				CLANG_ENABLE_OBJC_ARC = YES;
				CLANG_WARN_BOOL_CONVERSION = YES;
				CLANG_WARN_CONSTANT_CONVERSION = YES;
				CLANG_WARN_DIRECT_OBJC_ISA_USAGE = YES_ERROR;
				CLANG_WARN_DOCUMENTATION_COMMENTS = YES;
				CLANG_WARN_EMPTY_BODY = YES;
				CLANG_WARN_ENUM_CONVERSION = YES;
				CLANG_WARN_INFINITE_RECURSION = YES;
				CLANG_WARN_INT_CONVERSION = YES;
				CLANG_WARN_OBJC_ROOT_CLASS = YES_ERROR;
				CLANG_WARN_SUSPICIOUS_MOVES = YES;
				CLANG_WARN_UNREACHABLE_CODE = YES;
				CLANG_WARN__DUPLICATE_METHOD_MATCH = YES;
				"CODE_SIGN_IDENTITY[sdk=iphoneos*]" = "iPhone Developer";
				COPY_PHASE_STRIP = NO;
				DEBUG_INFORMATION_FORMAT = "dwarf-with-dsym";
				ENABLE_NS_ASSERTIONS = NO;
				ENABLE_STRICT_OBJC_MSGSEND = YES;
				GCC_C_LANGUAGE_STANDARD = gnu99;
				GCC_NO_COMMON_BLOCKS = YES;
				GCC_WARN_64_TO_32_BIT_CONVERSION = YES;
				GCC_WARN_ABOUT_RETURN_TYPE = YES_ERROR;
				GCC_WARN_UNDECLARED_SELECTOR = YES;
				GCC_WARN_UNINITIALIZED_AUTOS = YES_AGGRESSIVE;
				GCC_WARN_UNUSED_FUNCTION = YES;
				GCC_WARN_UNUSED_VARIABLE = YES;
				IPHONEOS_DEPLOYMENT_TARGET = 10.0;
				MTL_ENABLE_DEBUG_INFO = NO;
				SDKROOT = iphoneos;
				SWIFT_OPTIMIZATION_LEVEL = "-Owholemodule";
				VALIDATE_PRODUCT = YES;
			};
			name = Release;
		};
		FB3121151E3AC97200F591F2 /* Debug */ = {
			isa = XCBuildConfiguration;
			buildSettings = {
				ASSETCATALOG_COMPILER_APPICON_NAME = AppIcon;
				INFOPLIST_FILE = "Vistas en IOS/Info.plist";
				LD_RUNPATH_SEARCH_PATHS = "$(inherited) @executable_path/Frameworks";
				PRODUCT_BUNDLE_IDENTIFIER = "pe.area51.Vistas-en-IOS";
				PRODUCT_NAME = "$(TARGET_NAME)";
				SWIFT_VERSION = 3.0;
			};
			name = Debug;
		};
		FB3121161E3AC97200F591F2 /* Release */ = {
			isa = XCBuildConfiguration;
			buildSettings = {
				ASSETCATALOG_COMPILER_APPICON_NAME = AppIcon;
				INFOPLIST_FILE = "Vistas en IOS/Info.plist";
				LD_RUNPATH_SEARCH_PATHS = "$(inherited) @executable_path/Frameworks";
				PRODUCT_BUNDLE_IDENTIFIER = "pe.area51.Vistas-en-IOS";
				PRODUCT_NAME = "$(TARGET_NAME)";
				SWIFT_VERSION = 3.0;
			};
			name = Release;
		};
/* End XCBuildConfiguration section */

/* Begin XCConfigurationList section */
		FB3120FD1E3AC97200F591F2 /* Build configuration list for PBXProject "Vistas en IOS" */ = {
			isa = XCConfigurationList;
			buildConfigurations = (
				FB3121121E3AC97200F591F2 /* Debug */,
				FB3121131E3AC97200F591F2 /* Release */,
			);
			defaultConfigurationIsVisible = 0;
			defaultConfigurationName = Release;
		};
		FB3121141E3AC97200F591F2 /* Build configuration list for PBXNativeTarget "Vistas en IOS" */ = {
			isa = XCConfigurationList;
			buildConfigurations = (
				FB3121151E3AC97200F591F2 /* Debug */,
				FB3121161E3AC97200F591F2 /* Release */,
			);
			defaultConfigurationIsVisible = 0;
		};
/* End XCConfigurationList section */
	};
	rootObject = FB3120FA1E3AC97200F591F2 /* Project object */;
}
